
Microsoft Visual Studio Solution File, Format Version 12.00
# Visual Studio 15
VisualStudioVersion = 15.0.27428.2011
MinimumVisualStudioVersion = 10.0.40219.1
Project("{9A19103F-16F7-4668-BE54-9A1E7A4F7556}") = "Project_OLP_Rest", "Project_OLP_Rest\Project_OLP_Rest.csproj", "{1B5D37EC-2049-4C27-8F86-F93A8ECCD3B2}"
EndProject
Project("{9A19103F-16F7-4668-BE54-9A1E7A4F7556}") = "Project_OLP_Rest.Domain", "Project_OLP_Rest.Domain\Project_OLP_Rest.Domain.csproj", "{1EB8880A-FCBF-4355-AC8A-6F61B912F3EC}"
EndProject
Project("{9A19103F-16F7-4668-BE54-9A1E7A4F7556}") = "Project_OLP_Rest.Data", "Project_OLP_Rest.Data\Project_OLP_Rest.Data.csproj", "{7F3D972C-F3A0-46B9-9BD7-F13CCFF30FE7}"
EndProject
Project("{FAE04EC0-301F-11D3-BF4B-00C04F79EFBC}") = "Project_OLP_UnitTests", "UnitTest\Project_OLP_UnitTests.csproj", "{FB656153-9BD9-4008-A921-86EA9A412C81}"
EndProject
Global
	GlobalSection(SolutionConfigurationPlatforms) = preSolution
		Debug|Any CPU = Debug|Any CPU
		Release|Any CPU = Release|Any CPU
	EndGlobalSection
	GlobalSection(ProjectConfigurationPlatforms) = postSolution
		{1B5D37EC-2049-4C27-8F86-F93A8ECCD3B2}.Debug|Any CPU.ActiveCfg = Debug|Any CPU
		{1B5D37EC-2049-4C27-8F86-F93A8ECCD3B2}.Debug|Any CPU.Build.0 = Debug|Any CPU
		{1B5D37EC-2049-4C27-8F86-F93A8ECCD3B2}.Release|Any CPU.ActiveCfg = Release|Any CPU
		{1B5D37EC-2049-4C27-8F86-F93A8ECCD3B2}.Release|Any CPU.Build.0 = Release|Any CPU
		{1EB8880A-FCBF-4355-AC8A-6F61B912F3EC}.Debug|Any CPU.ActiveCfg = Debug|Any CPU
		{1EB8880A-FCBF-4355-AC8A-6F61B912F3EC}.Debug|Any CPU.Build.0 = Debug|Any CPU
		{1EB8880A-FCBF-4355-AC8A-6F61B912F3EC}.Release|Any CPU.ActiveCfg = Release|Any CPU
		{1EB8880A-FCBF-4355-AC8A-6F61B912F3EC}.Release|Any CPU.Build.0 = Release|Any CPU
		{7F3D972C-F3A0-46B9-9BD7-F13CCFF30FE7}.Debug|Any CPU.ActiveCfg = Debug|Any CPU
		{7F3D972C-F3A0-46B9-9BD7-F13CCFF30FE7}.Debug|Any CPU.Build.0 = Debug|Any CPU
		{7F3D972C-F3A0-46B9-9BD7-F13CCFF30FE7}.Release|Any CPU.ActiveCfg = Release|Any CPU
		{7F3D972C-F3A0-46B9-9BD7-F13CCFF30FE7}.Release|Any CPU.Build.0 = Release|Any CPU
		{FB656153-9BD9-4008-A921-86EA9A412C81}.Debug|Any CPU.ActiveCfg = Debug|Any CPU
		{FB656153-9BD9-4008-A921-86EA9A412C81}.Debug|Any CPU.Build.0 = Debug|Any CPU
		{FB656153-9BD9-4008-A921-86EA9A412C81}.Release|Any CPU.ActiveCfg = Release|Any CPU
		{FB656153-9BD9-4008-A921-86EA9A412C81}.Release|Any CPU.Build.0 = Release|Any CPU
	EndGlobalSection
	GlobalSection(SolutionProperties) = preSolution
		HideSolutionNode = FALSE
	EndGlobalSection
	GlobalSection(ExtensibilityGlobals) = postSolution
		SolutionGuid = {D036C4F6-3512-434E-91D3-5902E99E16C5}
	EndGlobalSection
EndGlobal
